hash: e76d65a7b71361f3b66f945f443bbf51cc595836e38675b42c2e297b273fc556
updated: 2016-08-11T01:26:07.731204101+02:00
imports:
- name: github.com/bitrise-io/envman
  version: 0345e3f644afb45ee948a9a6aa6d8b19972e1925
  subpackages:
  - models
- name: github.com/bitrise-io/go-utils
  version: 1e735b52c32f8e35df52f436e3ad63ae155f325e
  subpackages:
  - colorstring
  - fileutil
  - pathutil
  - parseutil
  - pointers
  - cmdex
  - urlutil
  - versions
- name: github.com/bitrise-io/stepman
  version: 97db84be92c2f7e3dcb4156197e0bf311714dfe2
  subpackages:
  - models
  - stepman
- name: github.com/inconshreveable/mousetrap
  version: 76626ae9c91c4f2a10f34cad8ce83ea42c93bb75
- name: github.com/Sirupsen/logrus
  version: 446d1c146faa8ed3f4218f056fcd165f6bcfda81
- name: github.com/spf13/cobra
  version: 7c674d9e72017ed25f6d2b5e497a1368086b6a6f
- name: github.com/spf13/pflag
  version: f676131e2660dc8cd88de99f7486d34aa8172635
- name: golang.org/x/sys
  version: 833a04a10549a95dc34458c195cbad61bbb6cb4d
  subpackages:
  - unix
- name: gopkg.in/yaml.v2
  version: f7716cbe52baa25d2e9b0d0da546fcf909fc16b4
testImports:
- name: github.com/davecgh/go-spew
  version: 5215b55f46b2b919f50a1df0eaa5886afe4e3b3d
  subpackages:
  - spew
- name: github.com/pmezard/go-difflib
  version: e8554b8641db39598be7f6342874b958f12ae1d4
  subpackages:
  - difflib
- name: github.com/stretchr/testify
  version: f390dcf405f7b83c997eac1b06768bb9f44dec18
  subpackages:
  - require
  - assert
